
Microsoft Visual Studio Solution File, Format Version 12.00
# Visual Studio Version 16
VisualStudioVersion = 16.0.32802.440
MinimumVisualStudioVersion = 10.0.40219.1
Project("{FAE04EC0-301F-11D3-BF4B-00C04F79EFBC}") = "9thp", "9thp\9thp.csproj", "{21E8576A-806B-4167-86E4-E96CE207F916}"
EndProject
Project("{FAE04EC0-301F-11D3-BF4B-00C04F79EFBC}") = "9thcl", "9thcl\9thcl.csproj", "{4C3E4174-E79B-45EF-AA2C-5A9048E15E3D}"
EndProject
Global
	GlobalSection(SolutionConfigurationPlatforms) = preSolution
		Debug|Any CPU = Debug|Any CPU
		Release|Any CPU = Release|Any CPU
	EndGlobalSection
	GlobalSection(ProjectConfigurationPlatforms) = postSolution
		{21E8576A-806B-4167-86E4-E96CE207F916}.Debug|Any CPU.ActiveCfg = Debug|Any CPU
		{21E8576A-806B-4167-86E4-E96CE207F916}.Debug|Any CPU.Build.0 = Debug|Any CPU
		{21E8576A-806B-4167-86E4-E96CE207F916}.Release|Any CPU.ActiveCfg = Release|Any CPU
		{21E8576A-806B-4167-86E4-E96CE207F916}.Release|Any CPU.Build.0 = Release|Any CPU
		{4C3E4174-E79B-45EF-AA2C-5A9048E15E3D}.Debug|Any CPU.ActiveCfg = Debug|Any CPU
		{4C3E4174-E79B-45EF-AA2C-5A9048E15E3D}.Debug|Any CPU.Build.0 = Debug|Any CPU
		{4C3E4174-E79B-45EF-AA2C-5A9048E15E3D}.Release|Any CPU.ActiveCfg = Release|Any CPU
		{4C3E4174-E79B-45EF-AA2C-5A9048E15E3D}.Release|Any CPU.Build.0 = Release|Any CPU
	EndGlobalSection
	GlobalSection(SolutionProperties) = preSolution
		HideSolutionNode = FALSE
	EndGlobalSection
	GlobalSection(ExtensibilityGlobals) = postSolution
		SolutionGuid = {A69F814D-27A3-458C-B9D3-C88B2BA03721}
	EndGlobalSection
EndGlobal
